// !$*UTF8*$!
{
	archiveVersion = 1;
	classes = {
	};
	objectVersion = 70;
	objects = {

/* Begin PBXBuildFile section */
		6601FC2E2BBD963C00F60E05 /* Date+Ext.swift in Sources */ = {isa = PBXBuildFile; fileRef = 6601FC2D2BBD963C00F60E05 /* Date+Ext.swift */; };
		6601FC302BBDA21A00F60E05 /* Expense.swift in Sources */ = {isa = PBXBuildFile; fileRef = 6601FC2F2BBDA21A00F60E05 /* Expense.swift */; };
		660887D22BF2074000297F5D /* SettingsView.swift in Sources */ = {isa = PBXBuildFile; fileRef = 660887D12BF2074000297F5D /* SettingsView.swift */; };
		660887D42BF2077A00297F5D /* Constants.swift in Sources */ = {isa = PBXBuildFile; fileRef = 660887D32BF2077A00297F5D /* Constants.swift */; };
		660887D62BF207E700297F5D /* Coordinator.swift in Sources */ = {isa = PBXBuildFile; fileRef = 660887D52BF207E700297F5D /* Coordinator.swift */; };
		660887D82BF20E8B00297F5D /* AccumulateVC.swift in Sources */ = {isa = PBXBuildFile; fileRef = 660887D72BF20E8B00297F5D /* AccumulateVC.swift */; };
		660887DB2BF2458400297F5D /* AddAccumulateVC.swift in Sources */ = {isa = PBXBuildFile; fileRef = 660887DA2BF2458400297F5D /* AddAccumulateVC.swift */; };
		660887DD2BF245D500297F5D /* AccumulateCell.swift in Sources */ = {isa = PBXBuildFile; fileRef = 660887DC2BF245D500297F5D /* AccumulateCell.swift */; };
		660887DF2BF2489000297F5D /* AccumulateViewModel.swift in Sources */ = {isa = PBXBuildFile; fileRef = 660887DE2BF2489000297F5D /* AccumulateViewModel.swift */; };
		660887E12BF2489D00297F5D /* AddAccumulateViewModel.swift in Sources */ = {isa = PBXBuildFile; fileRef = 660887E02BF2489D00297F5D /* AddAccumulateViewModel.swift */; };
		660887E32BF24CC300297F5D /* Accumulate.swift in Sources */ = {isa = PBXBuildFile; fileRef = 660887E22BF24CC300297F5D /* Accumulate.swift */; };
		660887E52BF250E200297F5D /* AccumulateManager.swift in Sources */ = {isa = PBXBuildFile; fileRef = 660887E42BF250E200297F5D /* AccumulateManager.swift */; };
		660C145B2B9CC717004622D2 /* AppDelegate.swift in Sources */ = {isa = PBXBuildFile; fileRef = 660C145A2B9CC717004622D2 /* AppDelegate.swift */; };
		660C145D2B9CC717004622D2 /* SceneDelegate.swift in Sources */ = {isa = PBXBuildFile; fileRef = 660C145C2B9CC717004622D2 /* SceneDelegate.swift */; };
		660C145F2B9CC717004622D2 /* HomeVC.swift in Sources */ = {isa = PBXBuildFile; fileRef = 660C145E2B9CC717004622D2 /* HomeVC.swift */; };
		660C14642B9CC718004622D2 /* Assets.xcassets in Resources */ = {isa = PBXBuildFile; fileRef = 660C14632B9CC718004622D2 /* Assets.xcassets */; };
		660C14672B9CC718004622D2 /* LaunchScreen.storyboard in Resources */ = {isa = PBXBuildFile; fileRef = 660C14652B9CC718004622D2 /* LaunchScreen.storyboard */; };
		660E68F52BBE79FD00210BC0 /* CardCell.swift in Sources */ = {isa = PBXBuildFile; fileRef = 660E68F42BBE79FD00210BC0 /* CardCell.swift */; };
		660E68F82BBEA95300210BC0 /* TabBarVC.swift in Sources */ = {isa = PBXBuildFile; fileRef = 660E68F72BBEA95300210BC0 /* TabBarVC.swift */; };
		660E68FA2BBEA98A00210BC0 /* Images.swift in Sources */ = {isa = PBXBuildFile; fileRef = 660E68F92BBEA98A00210BC0 /* Images.swift */; };
		660E68FC2BBEA9C300210BC0 /* LocaleKeys.swift in Sources */ = {isa = PBXBuildFile; fileRef = 660E68FB2BBEA9C300210BC0 /* LocaleKeys.swift */; };
		660E68FF2BBEAA7300210BC0 /* SettingsVC.swift in Sources */ = {isa = PBXBuildFile; fileRef = 660E68FE2BBEAA7300210BC0 /* SettingsVC.swift */; };
		6616A2A32BBED089005B67CA /* User.swift in Sources */ = {isa = PBXBuildFile; fileRef = 6616A2A22BBED089005B67CA /* User.swift */; };
		6616A2A52BBED292005B67CA /* UserManager.swift in Sources */ = {isa = PBXBuildFile; fileRef = 6616A2A42BBED292005B67CA /* UserManager.swift */; };
		6616A2A72BBED298005B67CA /* ExpenseManager.swift in Sources */ = {isa = PBXBuildFile; fileRef = 6616A2A62BBED298005B67CA /* ExpenseManager.swift */; };
		6616A2AC2BBED362005B67CA /* ExpenseDetailVC.swift in Sources */ = {isa = PBXBuildFile; fileRef = 6616A2AB2BBED362005B67CA /* ExpenseDetailVC.swift */; };
		6616A2AE2BBED95A005B67CA /* KeychainManager.swift in Sources */ = {isa = PBXBuildFile; fileRef = 6616A2AD2BBED95A005B67CA /* KeychainManager.swift */; };
		6616A2B02BBED9C0005B67CA /* SBError.swift in Sources */ = {isa = PBXBuildFile; fileRef = 6616A2AF2BBED9C0005B67CA /* SBError.swift */; };
		6616A2B22BBEEB24005B67CA /* AddExpenseViewModel.swift in Sources */ = {isa = PBXBuildFile; fileRef = 6616A2B12BBEEB24005B67CA /* AddExpenseViewModel.swift */; };
		6616A2B42BBEEB2D005B67CA /* ExpenseDetailViewModel.swift in Sources */ = {isa = PBXBuildFile; fileRef = 6616A2B32BBEEB2D005B67CA /* ExpenseDetailViewModel.swift */; };
		6616A2B62BBEEB35005B67CA /* SettingsViewModel.swift in Sources */ = {isa = PBXBuildFile; fileRef = 6616A2B52BBEEB35005B67CA /* SettingsViewModel.swift */; };
		6618C0FD2BD6402C00042C7A /* ExpenseCell.swift in Sources */ = {isa = PBXBuildFile; fileRef = 6618C0FC2BD6402C00042C7A /* ExpenseCell.swift */; };
		6618E2892BB3FD13003861D1 /* HomeViewModel.swift in Sources */ = {isa = PBXBuildFile; fileRef = 6618E2882BB3FD13003861D1 /* HomeViewModel.swift */; };
		6618E28B2BB3FD1B003861D1 /* HomeViewModelContracts.swift in Sources */ = {isa = PBXBuildFile; fileRef = 6618E28A2BB3FD1B003861D1 /* HomeViewModelContracts.swift */; };
		66229E462CBA980B00C98E3C /* AddExpenseVC.swift in Sources */ = {isa = PBXBuildFile; fileRef = 66229E452CBA980B00C98E3C /* AddExpenseVC.swift */; };
		66229E482CBA995100C98E3C /* ExpenseTableViewCell.swift in Sources */ = {isa = PBXBuildFile; fileRef = 66229E472CBA995100C98E3C /* ExpenseTableViewCell.swift */; };
		66229E4E2CBD232D00C98E3C /* SelectCategory.swift in Sources */ = {isa = PBXBuildFile; fileRef = 66229E4D2CBD232D00C98E3C /* SelectCategory.swift */; };
		66229E552CBD36BF00C98E3C /* Category.swift in Sources */ = {isa = PBXBuildFile; fileRef = 66229E542CBD36BF00C98E3C /* Category.swift */; };
		66229E582CBD3DB900C98E3C /* ExpenseNoteCell.swift in Sources */ = {isa = PBXBuildFile; fileRef = 66229E572CBD3DB900C98E3C /* ExpenseNoteCell.swift */; };
		6636B1312BD90FE200706691 /* ExpenseDetailCell.swift in Sources */ = {isa = PBXBuildFile; fileRef = 6636B1302BD90FE200706691 /* ExpenseDetailCell.swift */; };
		6636DED72BF38F3C00486921 /* AccumulateViewModelContracts.swift in Sources */ = {isa = PBXBuildFile; fileRef = 6636DED62BF38F3C00486921 /* AccumulateViewModelContracts.swift */; };
		6636DED92BF3A80F00486921 /* AddAccumulateViewModelContracts.swift in Sources */ = {isa = PBXBuildFile; fileRef = 6636DED82BF3A80F00486921 /* AddAccumulateViewModelContracts.swift */; };
		66460F2A2BB6D122006C4815 /* ExpenseView.swift in Sources */ = {isa = PBXBuildFile; fileRef = 66460F292BB6D122006C4815 /* ExpenseView.swift */; };
		66460F2D2BB6D550006C4815 /* SnapKit in Frameworks */ = {isa = PBXBuildFile; productRef = 66460F2C2BB6D550006C4815 /* SnapKit */; };
		66460F2F2BB6DA7E006C4815 /* ScreenSize.swift in Sources */ = {isa = PBXBuildFile; fileRef = 66460F2E2BB6DA7E006C4815 /* ScreenSize.swift */; };
		66460F322BB6DDBA006C4815 /* FirebaseAnalytics in Frameworks */ = {isa = PBXBuildFile; productRef = 66460F312BB6DDBA006C4815 /* FirebaseAnalytics */; };
		66460F342BB6DDBA006C4815 /* FirebaseAnalyticsOnDeviceConversion in Frameworks */ = {isa = PBXBuildFile; productRef = 66460F332BB6DDBA006C4815 /* FirebaseAnalyticsOnDeviceConversion */; };
		66460F362BB6DDBA006C4815 /* FirebaseAnalyticsSwift in Frameworks */ = {isa = PBXBuildFile; productRef = 66460F352BB6DDBA006C4815 /* FirebaseAnalyticsSwift */; };
		66460F382BB6DDBA006C4815 /* FirebaseAnalyticsWithoutAdIdSupport in Frameworks */ = {isa = PBXBuildFile; productRef = 66460F372BB6DDBA006C4815 /* FirebaseAnalyticsWithoutAdIdSupport */; };
		66460F3A2BB6DDBA006C4815 /* FirebaseAppCheck in Frameworks */ = {isa = PBXBuildFile; productRef = 66460F392BB6DDBA006C4815 /* FirebaseAppCheck */; };
		66460F3C2BB6DDBA006C4815 /* FirebaseAppDistribution-Beta in Frameworks */ = {isa = PBXBuildFile; productRef = 66460F3B2BB6DDBA006C4815 /* FirebaseAppDistribution-Beta */; };
		66460F3E2BB6DDBA006C4815 /* FirebaseAuth in Frameworks */ = {isa = PBXBuildFile; productRef = 66460F3D2BB6DDBA006C4815 /* FirebaseAuth */; };
		66460F402BB6DDBA006C4815 /* FirebaseAuthCombine-Community in Frameworks */ = {isa = PBXBuildFile; productRef = 66460F3F2BB6DDBA006C4815 /* FirebaseAuthCombine-Community */; };
		66460F422BB6DDBA006C4815 /* FirebaseCrashlytics in Frameworks */ = {isa = PBXBuildFile; productRef = 66460F412BB6DDBA006C4815 /* FirebaseCrashlytics */; };
		66460F442BB6DDBA006C4815 /* FirebaseDatabase in Frameworks */ = {isa = PBXBuildFile; productRef = 66460F432BB6DDBA006C4815 /* FirebaseDatabase */; };
		66460F462BB6DDBA006C4815 /* FirebaseDatabaseSwift in Frameworks */ = {isa = PBXBuildFile; productRef = 66460F452BB6DDBA006C4815 /* FirebaseDatabaseSwift */; };
		66460F482BB6DDBA006C4815 /* FirebaseDynamicLinks in Frameworks */ = {isa = PBXBuildFile; productRef = 66460F472BB6DDBA006C4815 /* FirebaseDynamicLinks */; };
		66460F4A2BB6DDBA006C4815 /* FirebaseFirestore in Frameworks */ = {isa = PBXBuildFile; productRef = 66460F492BB6DDBA006C4815 /* FirebaseFirestore */; };
		66460F4C2BB6DDBA006C4815 /* FirebaseFirestoreCombine-Community in Frameworks */ = {isa = PBXBuildFile; productRef = 66460F4B2BB6DDBA006C4815 /* FirebaseFirestoreCombine-Community */; };
		66460F4E2BB6DDBA006C4815 /* FirebaseFirestoreSwift in Frameworks */ = {isa = PBXBuildFile; productRef = 66460F4D2BB6DDBA006C4815 /* FirebaseFirestoreSwift */; };
		66460F502BB6DDBA006C4815 /* FirebaseFunctions in Frameworks */ = {isa = PBXBuildFile; productRef = 66460F4F2BB6DDBA006C4815 /* FirebaseFunctions */; };
		66460F522BB6DDBA006C4815 /* FirebaseFunctionsCombine-Community in Frameworks */ = {isa = PBXBuildFile; productRef = 66460F512BB6DDBA006C4815 /* FirebaseFunctionsCombine-Community */; };
		66460F542BB6DDBA006C4815 /* FirebaseInAppMessaging-Beta in Frameworks */ = {isa = PBXBuildFile; productRef = 66460F532BB6DDBA006C4815 /* FirebaseInAppMessaging-Beta */; };
		66460F562BB6DDBA006C4815 /* FirebaseInAppMessagingSwift-Beta in Frameworks */ = {isa = PBXBuildFile; productRef = 66460F552BB6DDBA006C4815 /* FirebaseInAppMessagingSwift-Beta */; };
		66460F582BB6DDBA006C4815 /* FirebaseInstallations in Frameworks */ = {isa = PBXBuildFile; productRef = 66460F572BB6DDBA006C4815 /* FirebaseInstallations */; };
		66460F5A2BB6DDBA006C4815 /* FirebaseMLModelDownloader in Frameworks */ = {isa = PBXBuildFile; productRef = 66460F592BB6DDBA006C4815 /* FirebaseMLModelDownloader */; };
		66460F5C2BB6DDBA006C4815 /* FirebaseMessaging in Frameworks */ = {isa = PBXBuildFile; productRef = 66460F5B2BB6DDBA006C4815 /* FirebaseMessaging */; };
		66460F5E2BB6DDBA006C4815 /* FirebasePerformance in Frameworks */ = {isa = PBXBuildFile; productRef = 66460F5D2BB6DDBA006C4815 /* FirebasePerformance */; };
		66460F602BB6DDBA006C4815 /* FirebaseRemoteConfig in Frameworks */ = {isa = PBXBuildFile; productRef = 66460F5F2BB6DDBA006C4815 /* FirebaseRemoteConfig */; };
		66460F622BB6DDBA006C4815 /* FirebaseRemoteConfigSwift in Frameworks */ = {isa = PBXBuildFile; productRef = 66460F612BB6DDBA006C4815 /* FirebaseRemoteConfigSwift */; };
		66460F642BB6DDBA006C4815 /* FirebaseStorage in Frameworks */ = {isa = PBXBuildFile; productRef = 66460F632BB6DDBA006C4815 /* FirebaseStorage */; };
		66460F662BB6DDBA006C4815 /* FirebaseStorageCombine-Community in Frameworks */ = {isa = PBXBuildFile; productRef = 66460F652BB6DDBA006C4815 /* FirebaseStorageCombine-Community */; };
		66460F6A2BB6DE7C006C4815 /* GoogleService-Info.plist in Resources */ = {isa = PBXBuildFile; fileRef = 66460F692BB6DE7C006C4815 /* GoogleService-Info.plist */; };
		665C6F3F2BCD04A3000E5E59 /* SplashVC.swift in Sources */ = {isa = PBXBuildFile; fileRef = 665C6F3E2BCD04A3000E5E59 /* SplashVC.swift */; };
		665C6F412BCD04DE000E5E59 /* SplashViewModel.swift in Sources */ = {isa = PBXBuildFile; fileRef = 665C6F402BCD04DE000E5E59 /* SplashViewModel.swift */; };
		66887FF22BBFF58500D9CC0C /* UserInfoVC.swift in Sources */ = {isa = PBXBuildFile; fileRef = 66887FF12BBFF58500D9CC0C /* UserInfoVC.swift */; };
		668ECE8A2CBEDCC40055179C /* BottomSheetViewController.swift in Sources */ = {isa = PBXBuildFile; fileRef = 668ECE892CBEDCC40055179C /* BottomSheetViewController.swift */; };
		668ECE8D2CBF19720055179C /* CategoryExpensesVC.swift in Sources */ = {isa = PBXBuildFile; fileRef = 668ECE8C2CBF19720055179C /* CategoryExpensesVC.swift */; };
		668ECE922CBFC1A90055179C /* String+Ext.swift in Sources */ = {isa = PBXBuildFile; fileRef = 668ECE912CBFC1A90055179C /* String+Ext.swift */; };
		668ECE942CBFD2A20055179C /* Budget.swift in Sources */ = {isa = PBXBuildFile; fileRef = 668ECE932CBFD2A20055179C /* Budget.swift */; };
		668ECE962CBFD2B00055179C /* BudgetManager.swift in Sources */ = {isa = PBXBuildFile; fileRef = 668ECE952CBFD2B00055179C /* BudgetManager.swift */; };
		668ECE982CBFD8D70055179C /* SaveButton.swift in Sources */ = {isa = PBXBuildFile; fileRef = 668ECE972CBFD8D70055179C /* SaveButton.swift */; };
		668ECE9A2CBFE63F0055179C /* CurrencyManager.swift in Sources */ = {isa = PBXBuildFile; fileRef = 668ECE992CBFE63F0055179C /* CurrencyManager.swift */; };
		669256A82C3429C700E4DA67 /* AccountVC.swift in Sources */ = {isa = PBXBuildFile; fileRef = 669256A72C3429C700E4DA67 /* AccountVC.swift */; };
		669256AA2C3429CE00E4DA67 /* AccountViewModel.swift in Sources */ = {isa = PBXBuildFile; fileRef = 669256A92C3429CE00E4DA67 /* AccountViewModel.swift */; };
		669256AC2C3429E500E4DA67 /* AccountViewModelContracts.swift in Sources */ = {isa = PBXBuildFile; fileRef = 669256AB2C3429E500E4DA67 /* AccountViewModelContracts.swift */; };
		66BC51142BC3CD56000EDEC1 /* ExpenseDetailViewModelContracts.swift in Sources */ = {isa = PBXBuildFile; fileRef = 66BC51132BC3CD56000EDEC1 /* ExpenseDetailViewModelContracts.swift */; };
		66BC51162BC3CF23000EDEC1 /* UIViewController+Ext.swift in Sources */ = {isa = PBXBuildFile; fileRef = 66BC51152BC3CF23000EDEC1 /* UIViewController+Ext.swift */; };
		66D5356B2BC01BCA000782DD /* AlertVC.swift in Sources */ = {isa = PBXBuildFile; fileRef = 66D5356A2BC01BCA000782DD /* AlertVC.swift */; };
		66D5356D2BC01BF7000782DD /* BodyLabel.swift in Sources */ = {isa = PBXBuildFile; fileRef = 66D5356C2BC01BF7000782DD /* BodyLabel.swift */; };
		66D5356F2BC01C0E000782DD /* TitleLabel.swift in Sources */ = {isa = PBXBuildFile; fileRef = 66D5356E2BC01C0E000782DD /* TitleLabel.swift */; };
		66D535712BC01C27000782DD /* SecondaryTitleLabel.swift in Sources */ = {isa = PBXBuildFile; fileRef = 66D535702BC01C27000782DD /* SecondaryTitleLabel.swift */; };
		66D535732BC01C4D000782DD /* AlertContainerView.swift in Sources */ = {isa = PBXBuildFile; fileRef = 66D535722BC01C4D000782DD /* AlertContainerView.swift */; };
		66D535752BC01C67000782DD /* EmptyStateView.swift in Sources */ = {isa = PBXBuildFile; fileRef = 66D535742BC01C67000782DD /* EmptyStateView.swift */; };
		66D535772BC01C9F000782DD /* DataLoadingVC.swift in Sources */ = {isa = PBXBuildFile; fileRef = 66D535762BC01C9F000782DD /* DataLoadingVC.swift */; };
		66D535792BC01CC1000782DD /* CustomButton.swift in Sources */ = {isa = PBXBuildFile; fileRef = 66D535782BC01CC1000782DD /* CustomButton.swift */; };
		66D5357B2BC01CED000782DD /* ThemeColors.swift in Sources */ = {isa = PBXBuildFile; fileRef = 66D5357A2BC01CED000782DD /* ThemeColors.swift */; };
		66D5357D2BC01D21000782DD /* UIColor+Ext.swift in Sources */ = {isa = PBXBuildFile; fileRef = 66D5357C2BC01D21000782DD /* UIColor+Ext.swift */; };
		66D5357F2BC028FA000782DD /* AddExpenseViewModelContracts.swift in Sources */ = {isa = PBXBuildFile; fileRef = 66D5357E2BC028FA000782DD /* AddExpenseViewModelContracts.swift */; };
		66E1E2742BCEA7C6005376A5 /* Calendar+Ext.swift in Sources */ = {isa = PBXBuildFile; fileRef = 66E1E2732BCEA7C6005376A5 /* Calendar+Ext.swift */; };
		66E1E2762BCEAEB7005376A5 /* MonthPickerView.swift in Sources */ = {isa = PBXBuildFile; fileRef = 66E1E2752BCEAEB7005376A5 /* MonthPickerView.swift */; };
/* End PBXBuildFile section */

/* Begin PBXFileReference section */
		6601FC2D2BBD963C00F60E05 /* Date+Ext.swift */ = {isa = PBXFileReference; lastKnownFileType = sourcecode.swift; path = "Date+Ext.swift"; sourceTree = "<group>"; };
		6601FC2F2BBDA21A00F60E05 /* Expense.swift */ = {isa = PBXFileReference; lastKnownFileType = sourcecode.swift; path = Expense.swift; sourceTree = "<group>"; };
		660887D12BF2074000297F5D /* SettingsView.swift */ = {isa = PBXFileReference; lastKnownFileType = sourcecode.swift; path = SettingsView.swift; sourceTree = "<group>"; };
		660887D32BF2077A00297F5D /* Constants.swift */ = {isa = PBXFileReference; lastKnownFileType = sourcecode.swift; path = Constants.swift; sourceTree = "<group>"; };
		660887D52BF207E700297F5D /* Coordinator.swift */ = {isa = PBXFileReference; lastKnownFileType = sourcecode.swift; path = Coordinator.swift; sourceTree = "<group>"; };
		660887D72BF20E8B00297F5D /* AccumulateVC.swift */ = {isa = PBXFileReference; lastKnownFileType = sourcecode.swift; path = AccumulateVC.swift; sourceTree = "<group>"; };
		660887DA2BF2458400297F5D /* AddAccumulateVC.swift */ = {isa = PBXFileReference; lastKnownFileType = sourcecode.swift; path = AddAccumulateVC.swift; sourceTree = "<group>"; };
		660887DC2BF245D500297F5D /* AccumulateCell.swift */ = {isa = PBXFileReference; lastKnownFileType = sourcecode.swift; path = AccumulateCell.swift; sourceTree = "<group>"; };
		660887DE2BF2489000297F5D /* AccumulateViewModel.swift */ = {isa = PBXFileReference; lastKnownFileType = sourcecode.swift; path = AccumulateViewModel.swift; sourceTree = "<group>"; };
		660887E02BF2489D00297F5D /* AddAccumulateViewModel.swift */ = {isa = PBXFileReference; lastKnownFileType = sourcecode.swift; path = AddAccumulateViewModel.swift; sourceTree = "<group>"; };
		660887E22BF24CC300297F5D /* Accumulate.swift */ = {isa = PBXFileReference; lastKnownFileType = sourcecode.swift; path = Accumulate.swift; sourceTree = "<group>"; };
		660887E42BF250E200297F5D /* AccumulateManager.swift */ = {isa = PBXFileReference; lastKnownFileType = sourcecode.swift; path = AccumulateManager.swift; sourceTree = "<group>"; };
		660C14572B9CC717004622D2 /* SmartBudget.app */ = {isa = PBXFileReference; explicitFileType = wrapper.application; includeInIndex = 0; path = SmartBudget.app; sourceTree = BUILT_PRODUCTS_DIR; };
		660C145A2B9CC717004622D2 /* AppDelegate.swift */ = {isa = PBXFileReference; lastKnownFileType = sourcecode.swift; path = AppDelegate.swift; sourceTree = "<group>"; };
		660C145C2B9CC717004622D2 /* SceneDelegate.swift */ = {isa = PBXFileReference; lastKnownFileType = sourcecode.swift; path = SceneDelegate.swift; sourceTree = "<group>"; };
		660C145E2B9CC717004622D2 /* HomeVC.swift */ = {isa = PBXFileReference; lastKnownFileType = sourcecode.swift; path = HomeVC.swift; sourceTree = "<group>"; };
		660C14632B9CC718004622D2 /* Assets.xcassets */ = {isa = PBXFileReference; lastKnownFileType = folder.assetcatalog; path = Assets.xcassets; sourceTree = "<group>"; };
		660C14662B9CC718004622D2 /* Base */ = {isa = PBXFileReference; lastKnownFileType = file.storyboard; name = Base; path = Base.lproj/LaunchScreen.storyboard; sourceTree = "<group>"; };
		660C14682B9CC718004622D2 /* Info.plist */ = {isa = PBXFileReference; lastKnownFileType = text.plist.xml; path = Info.plist; sourceTree = "<group>"; };
		660E68F42BBE79FD00210BC0 /* CardCell.swift */ = {isa = PBXFileReference; lastKnownFileType = sourcecode.swift; path = CardCell.swift; sourceTree = "<group>"; };
		660E68F72BBEA95300210BC0 /* TabBarVC.swift */ = {isa = PBXFileReference; lastKnownFileType = sourcecode.swift; path = TabBarVC.swift; sourceTree = "<group>"; };
		660E68F92BBEA98A00210BC0 /* Images.swift */ = {isa = PBXFileReference; lastKnownFileType = sourcecode.swift; path = Images.swift; sourceTree = "<group>"; };
		660E68FB2BBEA9C300210BC0 /* LocaleKeys.swift */ = {isa = PBXFileReference; lastKnownFileType = sourcecode.swift; path = LocaleKeys.swift; sourceTree = "<group>"; };
		660E68FE2BBEAA7300210BC0 /* SettingsVC.swift */ = {isa = PBXFileReference; lastKnownFileType = sourcecode.swift; path = SettingsVC.swift; sourceTree = "<group>"; };
		6616A2A22BBED089005B67CA /* User.swift */ = {isa = PBXFileReference; lastKnownFileType = sourcecode.swift; path = User.swift; sourceTree = "<group>"; };
		6616A2A42BBED292005B67CA /* UserManager.swift */ = {isa = PBXFileReference; lastKnownFileType = sourcecode.swift; path = UserManager.swift; sourceTree = "<group>"; };
		6616A2A62BBED298005B67CA /* ExpenseManager.swift */ = {isa = PBXFileReference; lastKnownFileType = sourcecode.swift; path = ExpenseManager.swift; sourceTree = "<group>"; };
		6616A2AB2BBED362005B67CA /* ExpenseDetailVC.swift */ = {isa = PBXFileReference; lastKnownFileType = sourcecode.swift; path = ExpenseDetailVC.swift; sourceTree = "<group>"; };
		6616A2AD2BBED95A005B67CA /* KeychainManager.swift */ = {isa = PBXFileReference; lastKnownFileType = sourcecode.swift; path = KeychainManager.swift; sourceTree = "<group>"; };
		6616A2AF2BBED9C0005B67CA /* SBError.swift */ = {isa = PBXFileReference; lastKnownFileType = sourcecode.swift; path = SBError.swift; sourceTree = "<group>"; };
		6616A2B12BBEEB24005B67CA /* AddExpenseViewModel.swift */ = {isa = PBXFileReference; lastKnownFileType = sourcecode.swift; path = AddExpenseViewModel.swift; sourceTree = "<group>"; };
		6616A2B32BBEEB2D005B67CA /* ExpenseDetailViewModel.swift */ = {isa = PBXFileReference; lastKnownFileType = sourcecode.swift; path = ExpenseDetailViewModel.swift; sourceTree = "<group>"; };
		6616A2B52BBEEB35005B67CA /* SettingsViewModel.swift */ = {isa = PBXFileReference; lastKnownFileType = sourcecode.swift; path = SettingsViewModel.swift; sourceTree = "<group>"; };
		6618C0FC2BD6402C00042C7A /* ExpenseCell.swift */ = {isa = PBXFileReference; lastKnownFileType = sourcecode.swift; path = ExpenseCell.swift; sourceTree = "<group>"; };
		6618E2882BB3FD13003861D1 /* HomeViewModel.swift */ = {isa = PBXFileReference; lastKnownFileType = sourcecode.swift; path = HomeViewModel.swift; sourceTree = "<group>"; };
		6618E28A2BB3FD1B003861D1 /* HomeViewModelContracts.swift */ = {isa = PBXFileReference; lastKnownFileType = sourcecode.swift; path = HomeViewModelContracts.swift; sourceTree = "<group>"; };
		66229E452CBA980B00C98E3C /* AddExpenseVC.swift */ = {isa = PBXFileReference; lastKnownFileType = sourcecode.swift; path = AddExpenseVC.swift; sourceTree = "<group>"; };
		66229E472CBA995100C98E3C /* ExpenseTableViewCell.swift */ = {isa = PBXFileReference; lastKnownFileType = sourcecode.swift; path = ExpenseTableViewCell.swift; sourceTree = "<group>"; };
		66229E4D2CBD232D00C98E3C /* SelectCategory.swift */ = {isa = PBXFileReference; lastKnownFileType = sourcecode.swift; path = SelectCategory.swift; sourceTree = "<group>"; };
		66229E542CBD36BF00C98E3C /* Category.swift */ = {isa = PBXFileReference; lastKnownFileType = sourcecode.swift; path = Category.swift; sourceTree = "<group>"; };
		66229E572CBD3DB900C98E3C /* ExpenseNoteCell.swift */ = {isa = PBXFileReference; lastKnownFileType = sourcecode.swift; path = ExpenseNoteCell.swift; sourceTree = "<group>"; };
		6636B1302BD90FE200706691 /* ExpenseDetailCell.swift */ = {isa = PBXFileReference; lastKnownFileType = sourcecode.swift; path = ExpenseDetailCell.swift; sourceTree = "<group>"; };
		6636DED62BF38F3C00486921 /* AccumulateViewModelContracts.swift */ = {isa = PBXFileReference; lastKnownFileType = sourcecode.swift; path = AccumulateViewModelContracts.swift; sourceTree = "<group>"; };
		6636DED82BF3A80F00486921 /* AddAccumulateViewModelContracts.swift */ = {isa = PBXFileReference; lastKnownFileType = sourcecode.swift; path = AddAccumulateViewModelContracts.swift; sourceTree = "<group>"; };
		66460F292BB6D122006C4815 /* ExpenseView.swift */ = {isa = PBXFileReference; lastKnownFileType = sourcecode.swift; path = ExpenseView.swift; sourceTree = "<group>"; };
		66460F2E2BB6DA7E006C4815 /* ScreenSize.swift */ = {isa = PBXFileReference; lastKnownFileType = sourcecode.swift; path = ScreenSize.swift; sourceTree = "<group>"; };
		66460F692BB6DE7C006C4815 /* GoogleService-Info.plist */ = {isa = PBXFileReference; fileEncoding = 4; lastKnownFileType = text.plist.xml; name = "GoogleService-Info.plist"; path = "../../../Downloads/GoogleService-Info.plist"; sourceTree = "<group>"; };
		665C6F3E2BCD04A3000E5E59 /* SplashVC.swift */ = {isa = PBXFileReference; lastKnownFileType = sourcecode.swift; path = SplashVC.swift; sourceTree = "<group>"; };
		665C6F402BCD04DE000E5E59 /* SplashViewModel.swift */ = {isa = PBXFileReference; lastKnownFileType = sourcecode.swift; path = SplashViewModel.swift; sourceTree = "<group>"; };
		66887FF12BBFF58500D9CC0C /* UserInfoVC.swift */ = {isa = PBXFileReference; lastKnownFileType = sourcecode.swift; path = UserInfoVC.swift; sourceTree = "<group>"; };
		668ECE892CBEDCC40055179C /* BottomSheetViewController.swift */ = {isa = PBXFileReference; lastKnownFileType = sourcecode.swift; path = BottomSheetViewController.swift; sourceTree = "<group>"; };
		668ECE8C2CBF19720055179C /* CategoryExpensesVC.swift */ = {isa = PBXFileReference; lastKnownFileType = sourcecode.swift; path = CategoryExpensesVC.swift; sourceTree = "<group>"; };
		668ECE912CBFC1A90055179C /* String+Ext.swift */ = {isa = PBXFileReference; lastKnownFileType = sourcecode.swift; path = "String+Ext.swift"; sourceTree = "<group>"; };
		668ECE932CBFD2A20055179C /* Budget.swift */ = {isa = PBXFileReference; lastKnownFileType = sourcecode.swift; path = Budget.swift; sourceTree = "<group>"; };
		668ECE952CBFD2B00055179C /* BudgetManager.swift */ = {isa = PBXFileReference; lastKnownFileType = sourcecode.swift; path = BudgetManager.swift; sourceTree = "<group>"; };
		668ECE972CBFD8D70055179C /* SaveButton.swift */ = {isa = PBXFileReference; lastKnownFileType = sourcecode.swift; path = SaveButton.swift; sourceTree = "<group>"; };
		668ECE992CBFE63F0055179C /* CurrencyManager.swift */ = {isa = PBXFileReference; lastKnownFileType = sourcecode.swift; path = CurrencyManager.swift; sourceTree = "<group>"; };
		669256A72C3429C700E4DA67 /* AccountVC.swift */ = {isa = PBXFileReference; lastKnownFileType = sourcecode.swift; path = AccountVC.swift; sourceTree = "<group>"; };
		669256A92C3429CE00E4DA67 /* AccountViewModel.swift */ = {isa = PBXFileReference; lastKnownFileType = sourcecode.swift; path = AccountViewModel.swift; sourceTree = "<group>"; };
		669256AB2C3429E500E4DA67 /* AccountViewModelContracts.swift */ = {isa = PBXFileReference; lastKnownFileType = sourcecode.swift; path = AccountViewModelContracts.swift; sourceTree = "<group>"; };
		66BC51132BC3CD56000EDEC1 /* ExpenseDetailViewModelContracts.swift */ = {isa = PBXFileReference; lastKnownFileType = sourcecode.swift; path = ExpenseDetailViewModelContracts.swift; sourceTree = "<group>"; };
		66BC51152BC3CF23000EDEC1 /* UIViewController+Ext.swift */ = {isa = PBXFileReference; lastKnownFileType = sourcecode.swift; path = "UIViewController+Ext.swift"; sourceTree = "<group>"; };
		66D5356A2BC01BCA000782DD /* AlertVC.swift */ = {isa = PBXFileReference; lastKnownFileType = sourcecode.swift; path = AlertVC.swift; sourceTree = "<group>"; };
		66D5356C2BC01BF7000782DD /* BodyLabel.swift */ = {isa = PBXFileReference; lastKnownFileType = sourcecode.swift; path = BodyLabel.swift; sourceTree = "<group>"; };
		66D5356E2BC01C0E000782DD /* TitleLabel.swift */ = {isa = PBXFileReference; lastKnownFileType = sourcecode.swift; path = TitleLabel.swift; sourceTree = "<group>"; };
		66D535702BC01C27000782DD /* SecondaryTitleLabel.swift */ = {isa = PBXFileReference; lastKnownFileType = sourcecode.swift; path = SecondaryTitleLabel.swift; sourceTree = "<group>"; };
		66D535722BC01C4D000782DD /* AlertContainerView.swift */ = {isa = PBXFileReference; lastKnownFileType = sourcecode.swift; path = AlertContainerView.swift; sourceTree = "<group>"; };
		66D535742BC01C67000782DD /* EmptyStateView.swift */ = {isa = PBXFileReference; lastKnownFileType = sourcecode.swift; path = EmptyStateView.swift; sourceTree = "<group>"; };
		66D535762BC01C9F000782DD /* DataLoadingVC.swift */ = {isa = PBXFileReference; lastKnownFileType = sourcecode.swift; path = DataLoadingVC.swift; sourceTree = "<group>"; };
		66D535782BC01CC1000782DD /* CustomButton.swift */ = {isa = PBXFileReference; lastKnownFileType = sourcecode.swift; path = CustomButton.swift; sourceTree = "<group>"; };
		66D5357A2BC01CED000782DD /* ThemeColors.swift */ = {isa = PBXFileReference; lastKnownFileType = sourcecode.swift; path = ThemeColors.swift; sourceTree = "<group>"; };
		66D5357C2BC01D21000782DD /* UIColor+Ext.swift */ = {isa = PBXFileReference; lastKnownFileType = sourcecode.swift; path = "UIColor+Ext.swift"; sourceTree = "<group>"; };
		66D5357E2BC028FA000782DD /* AddExpenseViewModelContracts.swift */ = {isa = PBXFileReference; lastKnownFileType = sourcecode.swift; path = AddExpenseViewModelContracts.swift; sourceTree = "<group>"; };
		66E1E2732BCEA7C6005376A5 /* Calendar+Ext.swift */ = {isa = PBXFileReference; lastKnownFileType = sourcecode.swift; path = "Calendar+Ext.swift"; sourceTree = "<group>"; };
		66E1E2752BCEAEB7005376A5 /* MonthPickerView.swift */ = {isa = PBXFileReference; lastKnownFileType = sourcecode.swift; path = MonthPickerView.swift; sourceTree = "<group>"; };
/* End PBXFileReference section */

/* Begin PBXFileSystemSynchronizedRootGroup section */
		66229E422CB956A500C98E3C /* Cell */ = {isa = PBXFileSystemSynchronizedRootGroup; explicitFileTypes = {}; explicitFolders = (); path = Cell; sourceTree = "<group>"; };
		66229E492CBD194100C98E3C /* TextField */ = {isa = PBXFileSystemSynchronizedRootGroup; explicitFileTypes = {}; explicitFolders = (); path = TextField; sourceTree = "<group>"; };
		66229E4F2CBD265200C98E3C /* Cell */ = {isa = PBXFileSystemSynchronizedRootGroup; explicitFileTypes = {}; explicitFolders = (); path = Cell; sourceTree = "<group>"; };
		668ECE8E2CBFAF410055179C /* cell */ = {isa = PBXFileSystemSynchronizedRootGroup; explicitFileTypes = {}; explicitFolders = (); path = cell; sourceTree = "<group>"; };
/* End PBXFileSystemSynchronizedRootGroup section */

/* Begin PBXFrameworksBuildPhase section */
		660C14542B9CC717004622D2 /* Frameworks */ = {
			isa = PBXFrameworksBuildPhase;
			buildActionMask = 2147483647;
			files = (
				66460F502BB6DDBA006C4815 /* FirebaseFunctions in Frameworks */,
				66460F462BB6DDBA006C4815 /* FirebaseDatabaseSwift in Frameworks */,
				66460F562BB6DDBA006C4815 /* FirebaseInAppMessagingSwift-Beta in Frameworks */,
				66460F5C2BB6DDBA006C4815 /* FirebaseMessaging in Frameworks */,
				66460F3C2BB6DDBA006C4815 /* FirebaseAppDistribution-Beta in Frameworks */,
				66460F402BB6DDBA006C4815 /* FirebaseAuthCombine-Community in Frameworks */,
				66460F4C2BB6DDBA006C4815 /* FirebaseFirestoreCombine-Community in Frameworks */,
				66460F362BB6DDBA006C4815 /* FirebaseAnalyticsSwift in Frameworks */,
				66460F5A2BB6DDBA006C4815 /* FirebaseMLModelDownloader in Frameworks */,
				66460F382BB6DDBA006C4815 /* FirebaseAnalyticsWithoutAdIdSupport in Frameworks */,
				66460F322BB6DDBA006C4815 /* FirebaseAnalytics in Frameworks */,
				66460F4E2BB6DDBA006C4815 /* FirebaseFirestoreSwift in Frameworks */,
				66460F342BB6DDBA006C4815 /* FirebaseAnalyticsOnDeviceConversion in Frameworks */,
				66460F3A2BB6DDBA006C4815 /* FirebaseAppCheck in Frameworks */,
				66460F5E2BB6DDBA006C4815 /* FirebasePerformance in Frameworks */,
				66460F542BB6DDBA006C4815 /* FirebaseInAppMessaging-Beta in Frameworks */,
				66460F522BB6DDBA006C4815 /* FirebaseFunctionsCombine-Community in Frameworks */,
				66460F422BB6DDBA006C4815 /* FirebaseCrashlytics in Frameworks */,
				66460F582BB6DDBA006C4815 /* FirebaseInstallations in Frameworks */,
				66460F602BB6DDBA006C4815 /* FirebaseRemoteConfig in Frameworks */,
				66460F642BB6DDBA006C4815 /* FirebaseStorage in Frameworks */,
				66460F442BB6DDBA006C4815 /* FirebaseDatabase in Frameworks */,
				66460F662BB6DDBA006C4815 /* FirebaseStorageCombine-Community in Frameworks */,
				66460F2D2BB6D550006C4815 /* SnapKit in Frameworks */,
				66460F3E2BB6DDBA006C4815 /* FirebaseAuth in Frameworks */,
				66460F482BB6DDBA006C4815 /* FirebaseDynamicLinks in Frameworks */,
				66460F4A2BB6DDBA006C4815 /* FirebaseFirestore in Frameworks */,
				66460F622BB6DDBA006C4815 /* FirebaseRemoteConfigSwift in Frameworks */,
			);
			runOnlyForDeploymentPostprocessing = 0;
		};
/* End PBXFrameworksBuildPhase section */

/* Begin PBXGroup section */
		660887D92BF2457300297F5D /* AddAccumulate */ = {
			isa = PBXGroup;
			children = (
				660887DA2BF2458400297F5D /* AddAccumulateVC.swift */,
				660887E02BF2489D00297F5D /* AddAccumulateViewModel.swift */,
				6636DED82BF3A80F00486921 /* AddAccumulateViewModelContracts.swift */,
			);
			path = AddAccumulate;
			sourceTree = "<group>";
		};
		660C144E2B9CC717004622D2 = {
			isa = PBXGroup;
			children = (
				660C14592B9CC717004622D2 /* SmartBudget */,
				660C14582B9CC717004622D2 /* Products */,
			);
			sourceTree = "<group>";
		};
		660C14582B9CC717004622D2 /* Products */ = {
			isa = PBXGroup;
			children = (
				660C14572B9CC717004622D2 /* SmartBudget.app */,
			);
			name = Products;
			sourceTree = "<group>";
		};
		660C14592B9CC717004622D2 /* SmartBudget */ = {
			isa = PBXGroup;
			children = (
				66460F212BB6CC0B006C4815 /* Extensions */,
				66460F202BB6CC04006C4815 /* Utils */,
				66460F1F2BB6CBF5006C4815 /* Model */,
				66460F1E2BB6CBF0006C4815 /* Service */,
				66460F1D2BB6CBE5006C4815 /* Enums */,
				66460F1C2BB6CBD2006C4815 /* CustomViews */,
				660C146E2B9CC725004622D2 /* App */,
				660C146F2B9CC77D004622D2 /* Features */,
				660C14632B9CC718004622D2 /* Assets.xcassets */,
				660C14652B9CC718004622D2 /* LaunchScreen.storyboard */,
				660C14682B9CC718004622D2 /* Info.plist */,
				66460F692BB6DE7C006C4815 /* GoogleService-Info.plist */,
			);
			path = SmartBudget;
			sourceTree = "<group>";
		};
		660C146E2B9CC725004622D2 /* App */ = {
			isa = PBXGroup;
			children = (
				660C145A2B9CC717004622D2 /* AppDelegate.swift */,
				660C145C2B9CC717004622D2 /* SceneDelegate.swift */,
			);
			path = App;
			sourceTree = "<group>";
		};
		660C146F2B9CC77D004622D2 /* Features */ = {
			isa = PBXGroup;
			children = (
				668ECE8B2CBF19630055179C /* CategoryExpenses */,
				669256A62C3429AC00E4DA67 /* Account */,
				660887D92BF2457300297F5D /* AddAccumulate */,
				665C6F422BCD2051000E5E59 /* Accumulate */,
				665C6F3B2BCD03B6000E5E59 /* Splash */,
				66887FEE2BBFF56600D9CC0C /* UserInfo */,
				66229E4C2CBD230F00C98E3C /* SelectCategory */,
				6616A2AA2BBED34A005B67CA /* ExpenseDetail */,
				6616A29F2BBECE26005B67CA /* AddExpense */,
				660E68FD2BBEAA6300210BC0 /* Settings */,
				660E68F62BBEA94100210BC0 /* TabBar */,
				6618E2872BB3FD06003861D1 /* Home */,
			);
			path = Features;
			sourceTree = "<group>";
		};
		660E68F62BBEA94100210BC0 /* TabBar */ = {
			isa = PBXGroup;
			children = (
				660E68F72BBEA95300210BC0 /* TabBarVC.swift */,
			);
			path = TabBar;
			sourceTree = "<group>";
		};
		660E68FD2BBEAA6300210BC0 /* Settings */ = {
			isa = PBXGroup;
			children = (
				660E68FE2BBEAA7300210BC0 /* SettingsVC.swift */,
				6616A2B52BBEEB35005B67CA /* SettingsViewModel.swift */,
				660887D12BF2074000297F5D /* SettingsView.swift */,
				660887D52BF207E700297F5D /* Coordinator.swift */,
			);
			path = Settings;
			sourceTree = "<group>";
		};
		6616A29F2BBECE26005B67CA /* AddExpense */ = {
			isa = PBXGroup;
			children = (
				66229E562CBD3DA100C98E3C /* Cell */,
				6616A2B12BBEEB24005B67CA /* AddExpenseViewModel.swift */,
				66D5357E2BC028FA000782DD /* AddExpenseViewModelContracts.swift */,
				66229E452CBA980B00C98E3C /* AddExpenseVC.swift */,
			);
			path = AddExpense;
			sourceTree = "<group>";
		};
		6616A2AA2BBED34A005B67CA /* ExpenseDetail */ = {
			isa = PBXGroup;
			children = (
				6616A2AB2BBED362005B67CA /* ExpenseDetailVC.swift */,
				6616A2B32BBEEB2D005B67CA /* ExpenseDetailViewModel.swift */,
				66BC51132BC3CD56000EDEC1 /* ExpenseDetailViewModelContracts.swift */,
			);
			path = ExpenseDetail;
			sourceTree = "<group>";
		};
		6618E2872BB3FD06003861D1 /* Home */ = {
			isa = PBXGroup;
			children = (
				66229E422CB956A500C98E3C /* Cell */,
				660C145E2B9CC717004622D2 /* HomeVC.swift */,
				6618E2882BB3FD13003861D1 /* HomeViewModel.swift */,
				6618E28A2BB3FD1B003861D1 /* HomeViewModelContracts.swift */,
			);
			path = Home;
			sourceTree = "<group>";
		};
		66229E4C2CBD230F00C98E3C /* SelectCategory */ = {
			isa = PBXGroup;
			children = (
				66229E542CBD36BF00C98E3C /* Category.swift */,
				66229E4F2CBD265200C98E3C /* Cell */,
				66229E4D2CBD232D00C98E3C /* SelectCategory.swift */,
			);
			path = SelectCategory;
			sourceTree = "<group>";
		};
		66229E562CBD3DA100C98E3C /* Cell */ = {
			isa = PBXGroup;
			children = (
				66229E472CBA995100C98E3C /* ExpenseTableViewCell.swift */,
				66229E572CBD3DB900C98E3C /* ExpenseNoteCell.swift */,
			);
			path = Cell;
			sourceTree = "<group>";
		};
		66460F1C2BB6CBD2006C4815 /* CustomViews */ = {
			isa = PBXGroup;
			children = (
				66229E492CBD194100C98E3C /* TextField */,
				66460F262BB6CD44006C4815 /* Buttons */,
				66460F252BB6CD3D006C4815 /* Cells */,
				66460F242BB6CD39006C4815 /* Labels */,
				66460F232BB6CD2F006C4815 /* View Controllers */,
				66460F222BB6CD23006C4815 /* Views */,
			);
			path = CustomViews;
			sourceTree = "<group>";
		};
		66460F1D2BB6CBE5006C4815 /* Enums */ = {
			isa = PBXGroup;
			children = (
				66460F282BB6CD5B006C4815 /* Locale */,
				66460F272BB6CD55006C4815 /* Fonts */,
				66460F2E2BB6DA7E006C4815 /* ScreenSize.swift */,
				6616A2AF2BBED9C0005B67CA /* SBError.swift */,
			);
			path = Enums;
			sourceTree = "<group>";
		};
		66460F1E2BB6CBF0006C4815 /* Service */ = {
			isa = PBXGroup;
			children = (
				6616A2A42BBED292005B67CA /* UserManager.swift */,
				6616A2A62BBED298005B67CA /* ExpenseManager.swift */,
				6616A2AD2BBED95A005B67CA /* KeychainManager.swift */,
				660887E42BF250E200297F5D /* AccumulateManager.swift */,
				668ECE952CBFD2B00055179C /* BudgetManager.swift */,
				668ECE992CBFE63F0055179C /* CurrencyManager.swift */,
			);
			path = Service;
			sourceTree = "<group>";
		};
		66460F1F2BB6CBF5006C4815 /* Model */ = {
			isa = PBXGroup;
			children = (
				6616A2A22BBED089005B67CA /* User.swift */,
				6601FC2F2BBDA21A00F60E05 /* Expense.swift */,
				660887E22BF24CC300297F5D /* Accumulate.swift */,
				668ECE932CBFD2A20055179C /* Budget.swift */,
			);
			path = Model;
			sourceTree = "<group>";
		};
		66460F202BB6CC04006C4815 /* Utils */ = {
			isa = PBXGroup;
			children = (
				660E68F92BBEA98A00210BC0 /* Images.swift */,
				660E68FB2BBEA9C300210BC0 /* LocaleKeys.swift */,
				66D5357A2BC01CED000782DD /* ThemeColors.swift */,
				660887D32BF2077A00297F5D /* Constants.swift */,
			);
			path = Utils;
			sourceTree = "<group>";
		};
		66460F212BB6CC0B006C4815 /* Extensions */ = {
			isa = PBXGroup;
			children = (
				6601FC2D2BBD963C00F60E05 /* Date+Ext.swift */,
				66D5357C2BC01D21000782DD /* UIColor+Ext.swift */,
				66BC51152BC3CF23000EDEC1 /* UIViewController+Ext.swift */,
				66E1E2732BCEA7C6005376A5 /* Calendar+Ext.swift */,
				668ECE912CBFC1A90055179C /* String+Ext.swift */,
			);
			path = Extensions;
			sourceTree = "<group>";
		};
		66460F222BB6CD23006C4815 /* Views */ = {
			isa = PBXGroup;
			children = (
				66460F292BB6D122006C4815 /* ExpenseView.swift */,
				66D535722BC01C4D000782DD /* AlertContainerView.swift */,
				66D535742BC01C67000782DD /* EmptyStateView.swift */,
				66E1E2752BCEAEB7005376A5 /* MonthPickerView.swift */,
			);
			path = Views;
			sourceTree = "<group>";
		};
		66460F232BB6CD2F006C4815 /* View Controllers */ = {
			isa = PBXGroup;
			children = (
				66D5356A2BC01BCA000782DD /* AlertVC.swift */,
				66D535762BC01C9F000782DD /* DataLoadingVC.swift */,
				668ECE892CBEDCC40055179C /* BottomSheetViewController.swift */,
			);
			path = "View Controllers";
			sourceTree = "<group>";
		};
		66460F242BB6CD39006C4815 /* Labels */ = {
			isa = PBXGroup;
			children = (
				66D5356C2BC01BF7000782DD /* BodyLabel.swift */,
				66D5356E2BC01C0E000782DD /* TitleLabel.swift */,
				66D535702BC01C27000782DD /* SecondaryTitleLabel.swift */,
			);
			path = Labels;
			sourceTree = "<group>";
		};
		66460F252BB6CD3D006C4815 /* Cells */ = {
			isa = PBXGroup;
			children = (
				660E68F42BBE79FD00210BC0 /* CardCell.swift */,
				6618C0FC2BD6402C00042C7A /* ExpenseCell.swift */,
				6636B1302BD90FE200706691 /* ExpenseDetailCell.swift */,
				660887DC2BF245D500297F5D /* AccumulateCell.swift */,
			);
			path = Cells;
			sourceTree = "<group>";
		};
		66460F262BB6CD44006C4815 /* Buttons */ = {
			isa = PBXGroup;
			children = (
				66D535782BC01CC1000782DD /* CustomButton.swift */,
				668ECE972CBFD8D70055179C /* SaveButton.swift */,
			);
			path = Buttons;
			sourceTree = "<group>";
		};
		66460F272BB6CD55006C4815 /* Fonts */ = {
			isa = PBXGroup;
			children = (
			);
			path = Fonts;
			sourceTree = "<group>";
		};
		66460F282BB6CD5B006C4815 /* Locale */ = {
			isa = PBXGroup;
			children = (
			);
			path = Locale;
			sourceTree = "<group>";
		};
		665C6F3B2BCD03B6000E5E59 /* Splash */ = {
			isa = PBXGroup;
			children = (
				665C6F3E2BCD04A3000E5E59 /* SplashVC.swift */,
				665C6F402BCD04DE000E5E59 /* SplashViewModel.swift */,
			);
			path = Splash;
			sourceTree = "<group>";
		};
		665C6F422BCD2051000E5E59 /* Accumulate */ = {
			isa = PBXGroup;
			children = (
				660887D72BF20E8B00297F5D /* AccumulateVC.swift */,
				660887DE2BF2489000297F5D /* AccumulateViewModel.swift */,
				6636DED62BF38F3C00486921 /* AccumulateViewModelContracts.swift */,
			);
			name = Accumulate;
			sourceTree = "<group>";
		};
		66887FEE2BBFF56600D9CC0C /* UserInfo */ = {
			isa = PBXGroup;
			children = (
				66887FF12BBFF58500D9CC0C /* UserInfoVC.swift */,
			);
			path = UserInfo;
			sourceTree = "<group>";
		};
		668ECE8B2CBF19630055179C /* CategoryExpenses */ = {
			isa = PBXGroup;
			children = (
				668ECE8E2CBFAF410055179C /* cell */,
				668ECE8C2CBF19720055179C /* CategoryExpensesVC.swift */,
			);
			path = CategoryExpenses;
			sourceTree = "<group>";
		};
		669256A62C3429AC00E4DA67 /* Account */ = {
			isa = PBXGroup;
			children = (
				669256A72C3429C700E4DA67 /* AccountVC.swift */,
				669256A92C3429CE00E4DA67 /* AccountViewModel.swift */,
				669256AB2C3429E500E4DA67 /* AccountViewModelContracts.swift */,
			);
			path = Account;
			sourceTree = "<group>";
		};
/* End PBXGroup section */

/* Begin PBXNativeTarget section */
		660C14562B9CC717004622D2 /* SmartBudget */ = {
			isa = PBXNativeTarget;
			buildConfigurationList = 660C146B2B9CC718004622D2 /* Build configuration list for PBXNativeTarget "SmartBudget" */;
			buildPhases = (
				660C14532B9CC717004622D2 /* Sources */,
				660C14542B9CC717004622D2 /* Frameworks */,
				660C14552B9CC717004622D2 /* Resources */,
			);
			buildRules = (
			);
			dependencies = (
			);
			fileSystemSynchronizedGroups = (
				66229E422CB956A500C98E3C /* Cell */,
				66229E492CBD194100C98E3C /* TextField */,
				66229E4F2CBD265200C98E3C /* Cell */,
				668ECE8E2CBFAF410055179C /* cell */,
			);
			name = SmartBudget;
			packageProductDependencies = (
				66460F2C2BB6D550006C4815 /* SnapKit */,
				66460F312BB6DDBA006C4815 /* FirebaseAnalytics */,
				66460F332BB6DDBA006C4815 /* FirebaseAnalyticsOnDeviceConversion */,
				66460F352BB6DDBA006C4815 /* FirebaseAnalyticsSwift */,
				66460F372BB6DDBA006C4815 /* FirebaseAnalyticsWithoutAdIdSupport */,
				66460F392BB6DDBA006C4815 /* FirebaseAppCheck */,
				66460F3B2BB6DDBA006C4815 /* FirebaseAppDistribution-Beta */,
				66460F3D2BB6DDBA006C4815 /* FirebaseAuth */,
				66460F3F2BB6DDBA006C4815 /* FirebaseAuthCombine-Community */,
				66460F412BB6DDBA006C4815 /* FirebaseCrashlytics */,
				66460F432BB6DDBA006C4815 /* FirebaseDatabase */,
				66460F452BB6DDBA006C4815 /* FirebaseDatabaseSwift */,
				66460F472BB6DDBA006C4815 /* FirebaseDynamicLinks */,
				66460F492BB6DDBA006C4815 /* FirebaseFirestore */,
				66460F4B2BB6DDBA006C4815 /* FirebaseFirestoreCombine-Community */,
				66460F4D2BB6DDBA006C4815 /* FirebaseFirestoreSwift */,
				66460F4F2BB6DDBA006C4815 /* FirebaseFunctions */,
				66460F512BB6DDBA006C4815 /* FirebaseFunctionsCombine-Community */,
				66460F532BB6DDBA006C4815 /* FirebaseInAppMessaging-Beta */,
				66460F552BB6DDBA006C4815 /* FirebaseInAppMessagingSwift-Beta */,
				66460F572BB6DDBA006C4815 /* FirebaseInstallations */,
				66460F592BB6DDBA006C4815 /* FirebaseMLModelDownloader */,
				66460F5B2BB6DDBA006C4815 /* FirebaseMessaging */,
				66460F5D2BB6DDBA006C4815 /* FirebasePerformance */,
				66460F5F2BB6DDBA006C4815 /* FirebaseRemoteConfig */,
				66460F612BB6DDBA006C4815 /* FirebaseRemoteConfigSwift */,
				66460F632BB6DDBA006C4815 /* FirebaseStorage */,
				66460F652BB6DDBA006C4815 /* FirebaseStorageCombine-Community */,
			);
			productName = SmartBudget;
			productReference = 660C14572B9CC717004622D2 /* SmartBudget.app */;
			productType = "com.apple.product-type.application";
		};
/* End PBXNativeTarget section */

/* Begin PBXProject section */
		660C144F2B9CC717004622D2 /* Project object */ = {
			isa = PBXProject;
			attributes = {
				BuildIndependentTargetsInParallel = 1;
				LastSwiftUpdateCheck = 1520;
				LastUpgradeCheck = 1520;
				TargetAttributes = {
					660C14562B9CC717004622D2 = {
						CreatedOnToolsVersion = 15.2;
					};
				};
			};
			buildConfigurationList = 660C14522B9CC717004622D2 /* Build configuration list for PBXProject "SmartBudget" */;
			compatibilityVersion = "Xcode 14.0";
			developmentRegion = en;
			hasScannedForEncodings = 0;
			knownRegions = (
				en,
				Base,
			);
			mainGroup = 660C144E2B9CC717004622D2;
			packageReferences = (
				66460F2B2BB6D550006C4815 /* XCRemoteSwiftPackageReference "SnapKit" */,
				66460F302BB6DDBA006C4815 /* XCRemoteSwiftPackageReference "firebase-ios-sdk" */,
			);
			productRefGroup = 660C14582B9CC717004622D2 /* Products */;
			projectDirPath = "";
			projectRoot = "";
			targets = (
				660C14562B9CC717004622D2 /* SmartBudget */,
			);
		};
/* End PBXProject section */

/* Begin PBXResourcesBuildPhase section */
		660C14552B9CC717004622D2 /* Resources */ = {
			isa = PBXResourcesBuildPhase;
			buildActionMask = 2147483647;
			files = (
				660C14672B9CC718004622D2 /* LaunchScreen.storyboard in Resources */,
				66460F6A2BB6DE7C006C4815 /* GoogleService-Info.plist in Resources */,
				660C14642B9CC718004622D2 /* Assets.xcassets in Resources */,
			);
			runOnlyForDeploymentPostprocessing = 0;
		};
/* End PBXResourcesBuildPhase section */

/* Begin PBXSourcesBuildPhase section */
		660C14532B9CC717004622D2 /* Sources */ = {
			isa = PBXSourcesBuildPhase;
			buildActionMask = 2147483647;
			files = (
				66BC51162BC3CF23000EDEC1 /* UIViewController+Ext.swift in Sources */,
				66E1E2762BCEAEB7005376A5 /* MonthPickerView.swift in Sources */,
				6636DED92BF3A80F00486921 /* AddAccumulateViewModelContracts.swift in Sources */,
				660887D62BF207E700297F5D /* Coordinator.swift in Sources */,
				668ECE962CBFD2B00055179C /* BudgetManager.swift in Sources */,
				6601FC2E2BBD963C00F60E05 /* Date+Ext.swift in Sources */,
				6616A2B22BBEEB24005B67CA /* AddExpenseViewModel.swift in Sources */,
				660E68FA2BBEA98A00210BC0 /* Images.swift in Sources */,
				66D535732BC01C4D000782DD /* AlertContainerView.swift in Sources */,
				66D535712BC01C27000782DD /* SecondaryTitleLabel.swift in Sources */,
				66D5356B2BC01BCA000782DD /* AlertVC.swift in Sources */,
				66229E482CBA995100C98E3C /* ExpenseTableViewCell.swift in Sources */,
				660C145F2B9CC717004622D2 /* HomeVC.swift in Sources */,
				669256AC2C3429E500E4DA67 /* AccountViewModelContracts.swift in Sources */,
				66229E4E2CBD232D00C98E3C /* SelectCategory.swift in Sources */,
				665C6F3F2BCD04A3000E5E59 /* SplashVC.swift in Sources */,
				668ECE8D2CBF19720055179C /* CategoryExpensesVC.swift in Sources */,
				66229E462CBA980B00C98E3C /* AddExpenseVC.swift in Sources */,
				660887E52BF250E200297F5D /* AccumulateManager.swift in Sources */,
				66D5357D2BC01D21000782DD /* UIColor+Ext.swift in Sources */,
				66887FF22BBFF58500D9CC0C /* UserInfoVC.swift in Sources */,
				660C145B2B9CC717004622D2 /* AppDelegate.swift in Sources */,
				6616A2B02BBED9C0005B67CA /* SBError.swift in Sources */,
				6616A2A72BBED298005B67CA /* ExpenseManager.swift in Sources */,
				6616A2A32BBED089005B67CA /* User.swift in Sources */,
				668ECE982CBFD8D70055179C /* SaveButton.swift in Sources */,
				660887DD2BF245D500297F5D /* AccumulateCell.swift in Sources */,
				665C6F412BCD04DE000E5E59 /* SplashViewModel.swift in Sources */,
				660C145D2B9CC717004622D2 /* SceneDelegate.swift in Sources */,
				669256AA2C3429CE00E4DA67 /* AccountViewModel.swift in Sources */,
				66BC51142BC3CD56000EDEC1 /* ExpenseDetailViewModelContracts.swift in Sources */,
				6616A2AC2BBED362005B67CA /* ExpenseDetailVC.swift in Sources */,
				6601FC302BBDA21A00F60E05 /* Expense.swift in Sources */,
				6618E28B2BB3FD1B003861D1 /* HomeViewModelContracts.swift in Sources */,
				6616A2B42BBEEB2D005B67CA /* ExpenseDetailViewModel.swift in Sources */,
				66460F2F2BB6DA7E006C4815 /* ScreenSize.swift in Sources */,
				660E68F52BBE79FD00210BC0 /* CardCell.swift in Sources */,
				660E68F82BBEA95300210BC0 /* TabBarVC.swift in Sources */,
				66E1E2742BCEA7C6005376A5 /* Calendar+Ext.swift in Sources */,
				668ECE8A2CBEDCC40055179C /* BottomSheetViewController.swift in Sources */,
				668ECE922CBFC1A90055179C /* String+Ext.swift in Sources */,
				66D5356D2BC01BF7000782DD /* BodyLabel.swift in Sources */,
				669256A82C3429C700E4DA67 /* AccountVC.swift in Sources */,
				6618E2892BB3FD13003861D1 /* HomeViewModel.swift in Sources */,
				66229E552CBD36BF00C98E3C /* Category.swift in Sources */,
				660887D42BF2077A00297F5D /* Constants.swift in Sources */,
				660887E12BF2489D00297F5D /* AddAccumulateViewModel.swift in Sources */,
				660887E32BF24CC300297F5D /* Accumulate.swift in Sources */,
				66D535752BC01C67000782DD /* EmptyStateView.swift in Sources */,
				660887D22BF2074000297F5D /* SettingsView.swift in Sources */,
				668ECE942CBFD2A20055179C /* Budget.swift in Sources */,
				660E68FC2BBEA9C300210BC0 /* LocaleKeys.swift in Sources */,
				66460F2A2BB6D122006C4815 /* ExpenseView.swift in Sources */,
				660E68FF2BBEAA7300210BC0 /* SettingsVC.swift in Sources */,
				6616A2A52BBED292005B67CA /* UserManager.swift in Sources */,
				660887DB2BF2458400297F5D /* AddAccumulateVC.swift in Sources */,
				660887DF2BF2489000297F5D /* AccumulateViewModel.swift in Sources */,
				66D5356F2BC01C0E000782DD /* TitleLabel.swift in Sources */,
				66D535792BC01CC1000782DD /* CustomButton.swift in Sources */,
				668ECE9A2CBFE63F0055179C /* CurrencyManager.swift in Sources */,
				66D5357F2BC028FA000782DD /* AddExpenseViewModelContracts.swift in Sources */,
				6618C0FD2BD6402C00042C7A /* ExpenseCell.swift in Sources */,
				660887D82BF20E8B00297F5D /* AccumulateVC.swift in Sources */,
				6616A2AE2BBED95A005B67CA /* KeychainManager.swift in Sources */,
				66229E582CBD3DB900C98E3C /* ExpenseNoteCell.swift in Sources */,
				66D5357B2BC01CED000782DD /* ThemeColors.swift in Sources */,
				6636B1312BD90FE200706691 /* ExpenseDetailCell.swift in Sources */,
				6636DED72BF38F3C00486921 /* AccumulateViewModelContracts.swift in Sources */,
				6616A2B62BBEEB35005B67CA /* SettingsViewModel.swift in Sources */,
				66D535772BC01C9F000782DD /* DataLoadingVC.swift in Sources */,
			);
			runOnlyForDeploymentPostprocessing = 0;
		};
/* End PBXSourcesBuildPhase section */

/* Begin PBXVariantGroup section */
		660C14652B9CC718004622D2 /* LaunchScreen.storyboard */ = {
			isa = PBXVariantGroup;
			children = (
				660C14662B9CC718004622D2 /* Base */,
			);
			name = LaunchScreen.storyboard;
			sourceTree = "<group>";
		};
/* End PBXVariantGroup section */

/* Begin XCBuildConfiguration section */
		660C14692B9CC718004622D2 /* Debug */ = {
			isa = XCBuildConfiguration;
			buildSettings = {
				ALWAYS_SEARCH_USER_PATHS = NO;
				ASSETCATALOG_COMPILER_GENERATE_SWIFT_ASSET_SYMBOL_EXTENSIONS = YES;
				CLANG_ANALYZER_NONNULL = YES;
				CLANG_ANALYZER_NUMBER_OBJECT_CONVERSION = YES_AGGRESSIVE;
				CLANG_CXX_LANGUAGE_STANDARD = "gnu++20";
				CLANG_ENABLE_MODULES = YES;
				CLANG_ENABLE_OBJC_ARC = YES;
				CLANG_ENABLE_OBJC_WEAK = YES;
				CLANG_WARN_BLOCK_CAPTURE_AUTORELEASING = YES;
				CLANG_WARN_BOOL_CONVERSION = YES;
				CLANG_WARN_COMMA = YES;
				CLANG_WARN_CONSTANT_CONVERSION = YES;
				CLANG_WARN_DEPRECATED_OBJC_IMPLEMENTATIONS = YES;
				CLANG_WARN_DIRECT_OBJC_ISA_USAGE = YES_ERROR;
				CLANG_WARN_DOCUMENTATION_COMMENTS = YES;
				CLANG_WARN_EMPTY_BODY = YES;
				CLANG_WARN_ENUM_CONVERSION = YES;
				CLANG_WARN_INFINITE_RECURSION = YES;
				CLANG_WARN_INT_CONVERSION = YES;
				CLANG_WARN_NON_LITERAL_NULL_CONVERSION = YES;
				CLANG_WARN_OBJC_IMPLICIT_RETAIN_SELF = YES;
				CLANG_WARN_OBJC_LITERAL_CONVERSION = YES;
				CLANG_WARN_OBJC_ROOT_CLASS = YES_ERROR;
				CLANG_WARN_QUOTED_INCLUDE_IN_FRAMEWORK_HEADER = YES;
				CLANG_WARN_RANGE_LOOP_ANALYSIS = YES;
				CLANG_WARN_STRICT_PROTOTYPES = YES;
				CLANG_WARN_SUSPICIOUS_MOVE = YES;
				CLANG_WARN_UNGUARDED_AVAILABILITY = YES_AGGRESSIVE;
				CLANG_WARN_UNREACHABLE_CODE = YES;
				CLANG_WARN__DUPLICATE_METHOD_MATCH = YES;
				COPY_PHASE_STRIP = NO;
				DEBUG_INFORMATION_FORMAT = dwarf;
				ENABLE_STRICT_OBJC_MSGSEND = YES;
				ENABLE_TESTABILITY = YES;
				ENABLE_USER_SCRIPT_SANDBOXING = YES;
				GCC_C_LANGUAGE_STANDARD = gnu17;
				GCC_DYNAMIC_NO_PIC = NO;
				GCC_NO_COMMON_BLOCKS = YES;
				GCC_OPTIMIZATION_LEVEL = 0;
				GCC_PREPROCESSOR_DEFINITIONS = (
					"DEBUG=1",
					"$(inherited)",
				);
				GCC_WARN_64_TO_32_BIT_CONVERSION = YES;
				GCC_WARN_ABOUT_RETURN_TYPE = YES_ERROR;
				GCC_WARN_UNDECLARED_SELECTOR = YES;
				GCC_WARN_UNINITIALIZED_AUTOS = YES_AGGRESSIVE;
				GCC_WARN_UNUSED_FUNCTION = YES;
				GCC_WARN_UNUSED_VARIABLE = YES;
				IPHONEOS_DEPLOYMENT_TARGET = 17.2;
				LOCALIZATION_PREFERS_STRING_CATALOGS = YES;
				MTL_ENABLE_DEBUG_INFO = INCLUDE_SOURCE;
				MTL_FAST_MATH = YES;
				ONLY_ACTIVE_ARCH = YES;
				SDKROOT = iphoneos;
				SWIFT_ACTIVE_COMPILATION_CONDITIONS = "DEBUG $(inherited)";
				SWIFT_OPTIMIZATION_LEVEL = "-Onone";
			};
			name = Debug;
		};
		660C146A2B9CC718004622D2 /* Release */ = {
			isa = XCBuildConfiguration;
			buildSettings = {
				ALWAYS_SEARCH_USER_PATHS = NO;
				ASSETCATALOG_COMPILER_GENERATE_SWIFT_ASSET_SYMBOL_EXTENSIONS = YES;
				CLANG_ANALYZER_NONNULL = YES;
				CLANG_ANALYZER_NUMBER_OBJECT_CONVERSION = YES_AGGRESSIVE;
				CLANG_CXX_LANGUAGE_STANDARD = "gnu++20";
				CLANG_ENABLE_MODULES = YES;
				CLANG_ENABLE_OBJC_ARC = YES;
				CLANG_ENABLE_OBJC_WEAK = YES;
				CLANG_WARN_BLOCK_CAPTURE_AUTORELEASING = YES;
				CLANG_WARN_BOOL_CONVERSION = YES;
				CLANG_WARN_COMMA = YES;
				CLANG_WARN_CONSTANT_CONVERSION = YES;
				CLANG_WARN_DEPRECATED_OBJC_IMPLEMENTATIONS = YES;
				CLANG_WARN_DIRECT_OBJC_ISA_USAGE = YES_ERROR;
				CLANG_WARN_DOCUMENTATION_COMMENTS = YES;
				CLANG_WARN_EMPTY_BODY = YES;
				CLANG_WARN_ENUM_CONVERSION = YES;
				CLANG_WARN_INFINITE_RECURSION = YES;
				CLANG_WARN_INT_CONVERSION = YES;
				CLANG_WARN_NON_LITERAL_NULL_CONVERSION = YES;
				CLANG_WARN_OBJC_IMPLICIT_RETAIN_SELF = YES;
				CLANG_WARN_OBJC_LITERAL_CONVERSION = YES;
				CLANG_WARN_OBJC_ROOT_CLASS = YES_ERROR;
				CLANG_WARN_QUOTED_INCLUDE_IN_FRAMEWORK_HEADER = YES;
				CLANG_WARN_RANGE_LOOP_ANALYSIS = YES;
				CLANG_WARN_STRICT_PROTOTYPES = YES;
				CLANG_WARN_SUSPICIOUS_MOVE = YES;
				CLANG_WARN_UNGUARDED_AVAILABILITY = YES_AGGRESSIVE;
				CLANG_WARN_UNREACHABLE_CODE = YES;
				CLANG_WARN__DUPLICATE_METHOD_MATCH = YES;
				COPY_PHASE_STRIP = NO;
				DEBUG_INFORMATION_FORMAT = "dwarf-with-dsym";
				ENABLE_NS_ASSERTIONS = NO;
				ENABLE_STRICT_OBJC_MSGSEND = YES;
				ENABLE_USER_SCRIPT_SANDBOXING = YES;
				GCC_C_LANGUAGE_STANDARD = gnu17;
				GCC_NO_COMMON_BLOCKS = YES;
				GCC_WARN_64_TO_32_BIT_CONVERSION = YES;
				GCC_WARN_ABOUT_RETURN_TYPE = YES_ERROR;
				GCC_WARN_UNDECLARED_SELECTOR = YES;
				GCC_WARN_UNINITIALIZED_AUTOS = YES_AGGRESSIVE;
				GCC_WARN_UNUSED_FUNCTION = YES;
				GCC_WARN_UNUSED_VARIABLE = YES;
				IPHONEOS_DEPLOYMENT_TARGET = 17.2;
				LOCALIZATION_PREFERS_STRING_CATALOGS = YES;
				MTL_ENABLE_DEBUG_INFO = NO;
				MTL_FAST_MATH = YES;
				SDKROOT = iphoneos;
				SWIFT_COMPILATION_MODE = wholemodule;
				VALIDATE_PRODUCT = YES;
			};
			name = Release;
		};
		660C146C2B9CC718004622D2 /* Debug */ = {
			isa = XCBuildConfiguration;
			buildSettings = {
				ASSETCATALOG_COMPILER_APPICON_NAME = AppIcon;
				ASSETCATALOG_COMPILER_GLOBAL_ACCENT_COLOR_NAME = AccentColor;
				CODE_SIGN_STYLE = Automatic;
				CURRENT_PROJECT_VERSION = 1;
				DEVELOPMENT_TEAM = UZH69S3QN2;
				GENERATE_INFOPLIST_FILE = YES;
				INFOPLIST_FILE = SmartBudget/Info.plist;
				INFOPLIST_KEY_UIApplicationSupportsIndirectInputEvents = YES;
				INFOPLIST_KEY_UILaunchStoryboardName = LaunchScreen;
				INFOPLIST_KEY_UISupportedInterfaceOrientations_iPad = "UIInterfaceOrientationPortrait UIInterfaceOrientationPortraitUpsideDown UIInterfaceOrientationLandscapeLeft UIInterfaceOrientationLandscapeRight";
				INFOPLIST_KEY_UISupportedInterfaceOrientations_iPhone = "UIInterfaceOrientationPortrait UIInterfaceOrientationLandscapeLeft UIInterfaceOrientationLandscapeRight";
				IPHONEOS_DEPLOYMENT_TARGET = 14.0;
				LD_RUNPATH_SEARCH_PATHS = (
					"$(inherited)",
					"@executable_path/Frameworks",
				);
				MARKETING_VERSION = 1.0;
				PRODUCT_BUNDLE_IDENTIFIER = com.example.SmartBudget;
				PRODUCT_NAME = "$(TARGET_NAME)";
				SWIFT_EMIT_LOC_STRINGS = YES;
				SWIFT_VERSION = 5.0;
				TARGETED_DEVICE_FAMILY = "1,2";
			};
			name = Debug;
		};
		660C146D2B9CC718004622D2 /* Release */ = {
			isa = XCBuildConfiguration;
			buildSettings = {
				ASSETCATALOG_COMPILER_APPICON_NAME = AppIcon;
				ASSETCATALOG_COMPILER_GLOBAL_ACCENT_COLOR_NAME = AccentColor;
				CODE_SIGN_STYLE = Automatic;
				CURRENT_PROJECT_VERSION = 1;
				DEVELOPMENT_TEAM = UZH69S3QN2;
				GENERATE_INFOPLIST_FILE = YES;
				INFOPLIST_FILE = SmartBudget/Info.plist;
				INFOPLIST_KEY_UIApplicationSupportsIndirectInputEvents = YES;
				INFOPLIST_KEY_UILaunchStoryboardName = LaunchScreen;
				INFOPLIST_KEY_UISupportedInterfaceOrientations_iPad = "UIInterfaceOrientationPortrait UIInterfaceOrientationPortraitUpsideDown UIInterfaceOrientationLandscapeLeft UIInterfaceOrientationLandscapeRight";
				INFOPLIST_KEY_UISupportedInterfaceOrientations_iPhone = "UIInterfaceOrientationPortrait UIInterfaceOrientationLandscapeLeft UIInterfaceOrientationLandscapeRight";
				IPHONEOS_DEPLOYMENT_TARGET = 14.0;
				LD_RUNPATH_SEARCH_PATHS = (
					"$(inherited)",
					"@executable_path/Frameworks",
				);
				MARKETING_VERSION = 1.0;
				PRODUCT_BUNDLE_IDENTIFIER = com.example.SmartBudget;
				PRODUCT_NAME = "$(TARGET_NAME)";
				SWIFT_EMIT_LOC_STRINGS = YES;
				SWIFT_VERSION = 5.0;
				TARGETED_DEVICE_FAMILY = "1,2";
			};
			name = Release;
		};
/* End XCBuildConfiguration section */

/* Begin XCConfigurationList section */
		660C14522B9CC717004622D2 /* Build configuration list for PBXProject "SmartBudget" */ = {
			isa = XCConfigurationList;
			buildConfigurations = (
				660C14692B9CC718004622D2 /* Debug */,
				660C146A2B9CC718004622D2 /* Release */,
			);
			defaultConfigurationIsVisible = 0;
			defaultConfigurationName = Release;
		};
		660C146B2B9CC718004622D2 /* Build configuration list for PBXNativeTarget "SmartBudget" */ = {
			isa = XCConfigurationList;
			buildConfigurations = (
				660C146C2B9CC718004622D2 /* Debug */,
				660C146D2B9CC718004622D2 /* Release */,
			);
			defaultConfigurationIsVisible = 0;
			defaultConfigurationName = Release;
		};
/* End XCConfigurationList section */

/* Begin XCRemoteSwiftPackageReference section */
		66460F2B2BB6D550006C4815 /* XCRemoteSwiftPackageReference "SnapKit" */ = {
			isa = XCRemoteSwiftPackageReference;
			repositoryURL = "https://github.com/SnapKit/SnapKit.git";
			requirement = {
				kind = upToNextMajorVersion;
				minimumVersion = 5.7.1;
			};
		};
		66460F302BB6DDBA006C4815 /* XCRemoteSwiftPackageReference "firebase-ios-sdk" */ = {
			isa = XCRemoteSwiftPackageReference;
			repositoryURL = "https://github.com/firebase/firebase-ios-sdk.git";
			requirement = {
				kind = upToNextMajorVersion;
				minimumVersion = 10.23.1;
			};
		};
/* End XCRemoteSwiftPackageReference section */

/* Begin XCSwiftPackageProductDependency section */
		66460F2C2BB6D550006C4815 /* SnapKit */ = {
			isa = XCSwiftPackageProductDependency;
			package = 66460F2B2BB6D550006C4815 /* XCRemoteSwiftPackageReference "SnapKit" */;
			productName = SnapKit;
		};
		66460F312BB6DDBA006C4815 /* FirebaseAnalytics */ = {
			isa = XCSwiftPackageProductDependency;
			package = 66460F302BB6DDBA006C4815 /* XCRemoteSwiftPackageReference "firebase-ios-sdk" */;
			productName = FirebaseAnalytics;
		};
		66460F332BB6DDBA006C4815 /* FirebaseAnalyticsOnDeviceConversion */ = {
			isa = XCSwiftPackageProductDependency;
			package = 66460F302BB6DDBA006C4815 /* XCRemoteSwiftPackageReference "firebase-ios-sdk" */;
			productName = FirebaseAnalyticsOnDeviceConversion;
		};
		66460F352BB6DDBA006C4815 /* FirebaseAnalyticsSwift */ = {
			isa = XCSwiftPackageProductDependency;
			package = 66460F302BB6DDBA006C4815 /* XCRemoteSwiftPackageReference "firebase-ios-sdk" */;
			productName = FirebaseAnalyticsSwift;
		};
		66460F372BB6DDBA006C4815 /* FirebaseAnalyticsWithoutAdIdSupport */ = {
			isa = XCSwiftPackageProductDependency;
			package = 66460F302BB6DDBA006C4815 /* XCRemoteSwiftPackageReference "firebase-ios-sdk" */;
			productName = FirebaseAnalyticsWithoutAdIdSupport;
		};
		66460F392BB6DDBA006C4815 /* FirebaseAppCheck */ = {
			isa = XCSwiftPackageProductDependency;
			package = 66460F302BB6DDBA006C4815 /* XCRemoteSwiftPackageReference "firebase-ios-sdk" */;
			productName = FirebaseAppCheck;
		};
		66460F3B2BB6DDBA006C4815 /* FirebaseAppDistribution-Beta */ = {
			isa = XCSwiftPackageProductDependency;
			package = 66460F302BB6DDBA006C4815 /* XCRemoteSwiftPackageReference "firebase-ios-sdk" */;
			productName = "FirebaseAppDistribution-Beta";
		};
		66460F3D2BB6DDBA006C4815 /* FirebaseAuth */ = {
			isa = XCSwiftPackageProductDependency;
			package = 66460F302BB6DDBA006C4815 /* XCRemoteSwiftPackageReference "firebase-ios-sdk" */;
			productName = FirebaseAuth;
		};
		66460F3F2BB6DDBA006C4815 /* FirebaseAuthCombine-Community */ = {
			isa = XCSwiftPackageProductDependency;
			package = 66460F302BB6DDBA006C4815 /* XCRemoteSwiftPackageReference "firebase-ios-sdk" */;
			productName = "FirebaseAuthCombine-Community";
		};
		66460F412BB6DDBA006C4815 /* FirebaseCrashlytics */ = {
			isa = XCSwiftPackageProductDependency;
			package = 66460F302BB6DDBA006C4815 /* XCRemoteSwiftPackageReference "firebase-ios-sdk" */;
			productName = FirebaseCrashlytics;
		};
		66460F432BB6DDBA006C4815 /* FirebaseDatabase */ = {
			isa = XCSwiftPackageProductDependency;
			package = 66460F302BB6DDBA006C4815 /* XCRemoteSwiftPackageReference "firebase-ios-sdk" */;
			productName = FirebaseDatabase;
		};
		66460F452BB6DDBA006C4815 /* FirebaseDatabaseSwift */ = {
			isa = XCSwiftPackageProductDependency;
			package = 66460F302BB6DDBA006C4815 /* XCRemoteSwiftPackageReference "firebase-ios-sdk" */;
			productName = FirebaseDatabaseSwift;
		};
		66460F472BB6DDBA006C4815 /* FirebaseDynamicLinks */ = {
			isa = XCSwiftPackageProductDependency;
			package = 66460F302BB6DDBA006C4815 /* XCRemoteSwiftPackageReference "firebase-ios-sdk" */;
			productName = FirebaseDynamicLinks;
		};
		66460F492BB6DDBA006C4815 /* FirebaseFirestore */ = {
			isa = XCSwiftPackageProductDependency;
			package = 66460F302BB6DDBA006C4815 /* XCRemoteSwiftPackageReference "firebase-ios-sdk" */;
			productName = FirebaseFirestore;
		};
		66460F4B2BB6DDBA006C4815 /* FirebaseFirestoreCombine-Community */ = {
			isa = XCSwiftPackageProductDependency;
			package = 66460F302BB6DDBA006C4815 /* XCRemoteSwiftPackageReference "firebase-ios-sdk" */;
			productName = "FirebaseFirestoreCombine-Community";
		};
		66460F4D2BB6DDBA006C4815 /* FirebaseFirestoreSwift */ = {
			isa = XCSwiftPackageProductDependency;
			package = 66460F302BB6DDBA006C4815 /* XCRemoteSwiftPackageReference "firebase-ios-sdk" */;
			productName = FirebaseFirestoreSwift;
		};
		66460F4F2BB6DDBA006C4815 /* FirebaseFunctions */ = {
			isa = XCSwiftPackageProductDependency;
			package = 66460F302BB6DDBA006C4815 /* XCRemoteSwiftPackageReference "firebase-ios-sdk" */;
			productName = FirebaseFunctions;
		};
		66460F512BB6DDBA006C4815 /* FirebaseFunctionsCombine-Community */ = {
			isa = XCSwiftPackageProductDependency;
			package = 66460F302BB6DDBA006C4815 /* XCRemoteSwiftPackageReference "firebase-ios-sdk" */;
			productName = "FirebaseFunctionsCombine-Community";
		};
		66460F532BB6DDBA006C4815 /* FirebaseInAppMessaging-Beta */ = {
			isa = XCSwiftPackageProductDependency;
			package = 66460F302BB6DDBA006C4815 /* XCRemoteSwiftPackageReference "firebase-ios-sdk" */;
			productName = "FirebaseInAppMessaging-Beta";
		};
		66460F552BB6DDBA006C4815 /* FirebaseInAppMessagingSwift-Beta */ = {
			isa = XCSwiftPackageProductDependency;
			package = 66460F302BB6DDBA006C4815 /* XCRemoteSwiftPackageReference "firebase-ios-sdk" */;
			productName = "FirebaseInAppMessagingSwift-Beta";
		};
		66460F572BB6DDBA006C4815 /* FirebaseInstallations */ = {
			isa = XCSwiftPackageProductDependency;
			package = 66460F302BB6DDBA006C4815 /* XCRemoteSwiftPackageReference "firebase-ios-sdk" */;
			productName = FirebaseInstallations;
		};
		66460F592BB6DDBA006C4815 /* FirebaseMLModelDownloader */ = {
			isa = XCSwiftPackageProductDependency;
			package = 66460F302BB6DDBA006C4815 /* XCRemoteSwiftPackageReference "firebase-ios-sdk" */;
			productName = FirebaseMLModelDownloader;
		};
		66460F5B2BB6DDBA006C4815 /* FirebaseMessaging */ = {
			isa = XCSwiftPackageProductDependency;
			package = 66460F302BB6DDBA006C4815 /* XCRemoteSwiftPackageReference "firebase-ios-sdk" */;
			productName = FirebaseMessaging;
		};
		66460F5D2BB6DDBA006C4815 /* FirebasePerformance */ = {
			isa = XCSwiftPackageProductDependency;
			package = 66460F302BB6DDBA006C4815 /* XCRemoteSwiftPackageReference "firebase-ios-sdk" */;
			productName = FirebasePerformance;
		};
		66460F5F2BB6DDBA006C4815 /* FirebaseRemoteConfig */ = {
			isa = XCSwiftPackageProductDependency;
			package = 66460F302BB6DDBA006C4815 /* XCRemoteSwiftPackageReference "firebase-ios-sdk" */;
			productName = FirebaseRemoteConfig;
		};
		66460F612BB6DDBA006C4815 /* FirebaseRemoteConfigSwift */ = {
			isa = XCSwiftPackageProductDependency;
			package = 66460F302BB6DDBA006C4815 /* XCRemoteSwiftPackageReference "firebase-ios-sdk" */;
			productName = FirebaseRemoteConfigSwift;
		};
		66460F632BB6DDBA006C4815 /* FirebaseStorage */ = {
			isa = XCSwiftPackageProductDependency;
			package = 66460F302BB6DDBA006C4815 /* XCRemoteSwiftPackageReference "firebase-ios-sdk" */;
			productName = FirebaseStorage;
		};
		66460F652BB6DDBA006C4815 /* FirebaseStorageCombine-Community */ = {
			isa = XCSwiftPackageProductDependency;
			package = 66460F302BB6DDBA006C4815 /* XCRemoteSwiftPackageReference "firebase-ios-sdk" */;
			productName = "FirebaseStorageCombine-Community";
		};
/* End XCSwiftPackageProductDependency section */
	};
	rootObject = 660C144F2B9CC717004622D2 /* Project object */;
}
